
Microsoft Visual Studio Solution File, Format Version 12.00
# Visual Studio Version 17
VisualStudioVersion = 17.11.35222.181
MinimumVisualStudioVersion = 10.0.40219.1
Project("{FAE04EC0-301F-11D3-BF4B-00C04F79EFBC}") = "LinkedList", "LinkedList\LinkedList.csproj", "{B91099F8-D456-4D94-A34D-1B90A59A8BF1}"
EndProject
Global
	GlobalSection(SolutionConfigurationPlatforms) = preSolution
		Debug|Any CPU = Debug|Any CPU
		Release|Any CPU = Release|Any CPU
	EndGlobalSection
	GlobalSection(ProjectConfigurationPlatforms) = postSolution
		{B91099F8-D456-4D94-A34D-1B90A59A8BF1}.Debug|Any CPU.ActiveCfg = Debug|Any CPU
		{B91099F8-D456-4D94-A34D-1B90A59A8BF1}.Debug|Any CPU.Build.0 = Debug|Any CPU
		{B91099F8-D456-4D94-A34D-1B90A59A8BF1}.Release|Any CPU.ActiveCfg = Release|Any CPU
		{B91099F8-D456-4D94-A34D-1B90A59A8BF1}.Release|Any CPU.Build.0 = Release|Any CPU
	EndGlobalSection
	GlobalSection(SolutionProperties) = preSolution
		HideSolutionNode = FALSE
	EndGlobalSection
	GlobalSection(ExtensibilityGlobals) = postSolution
		SolutionGuid = {D6D905DE-909F-43A5-8522-FFC110610D4C}
	EndGlobalSection
EndGlobal
